// !$*UTF8*$!
{
	archiveVersion = 1;
	classes = {
	};
	objectVersion = 46;
	objects = {

/* Begin PBXBuildFile section */
		5C14171317EAF6320062C779 /* a2m.cpp in Sources */ = {isa = PBXBuildFile; fileRef = 5C14170F17EAF6320062C779 /* a2m.cpp */; };
		5C14171417EAF6320062C779 /* a2m.cpp in Sources */ = {isa = PBXBuildFile; fileRef = 5C14170F17EAF6320062C779 /* a2m.cpp */; };
		5C14171517EAF6320062C779 /* a2m.hpp in Headers */ = {isa = PBXBuildFile; fileRef = 5C14171017EAF6320062C779 /* a2m.hpp */; };
		5C14171617EAF6320062C779 /* camera.cpp in Sources */ = {isa = PBXBuildFile; fileRef = 5C14171117EAF6320062C779 /* camera.cpp */; };
		5C14171717EAF6320062C779 /* camera.cpp in Sources */ = {isa = PBXBuildFile; fileRef = 5C14171117EAF6320062C779 /* camera.cpp */; };
		5C14171817EAF6320062C779 /* camera.hpp in Headers */ = {isa = PBXBuildFile; fileRef = 5C14171217EAF6320062C779 /* camera.hpp */; };
		5C14172B17EAF63B0062C779 /* binning_stage.cpp in Sources */ = {isa = PBXBuildFile; fileRef = 5C14171917EAF63B0062C779 /* binning_stage.cpp */; };
		5C14172C17EAF63B0062C779 /* binning_stage.cpp in Sources */ = {isa = PBXBuildFile; fileRef = 5C14171917EAF63B0062C779 /* binning_stage.cpp */; };
		5C14172D17EAF63B0062C779 /* binning_stage.hpp in Headers */ = {isa = PBXBuildFile; fileRef = 5C14171A17EAF63B0062C779 /* binning_stage.hpp */; };
		5C14172E17EAF63B0062C779 /* framebuffer.cpp in Sources */ = {isa = PBXBuildFile; fileRef = 5C14171B17EAF63B0062C779 /* framebuffer.cpp */; };
		5C14172F17EAF63B0062C779 /* framebuffer.cpp in Sources */ = {isa = PBXBuildFile; fileRef = 5C14171B17EAF63B0062C779 /* framebuffer.cpp */; };
		5C14173017EAF63B0062C779 /* framebuffer.hpp in Headers */ = {isa = PBXBuildFile; fileRef = 5C14171C17EAF63B0062C779 /* framebuffer.hpp */; };
		5C14173117EAF63B0062C779 /* image_types.cpp in Sources */ = {isa = PBXBuildFile; fileRef = 5C14171D17EAF63B0062C779 /* image_types.cpp */; };
		5C14173217EAF63B0062C779 /* image_types.cpp in Sources */ = {isa = PBXBuildFile; fileRef = 5C14171D17EAF63B0062C779 /* image_types.cpp */; };
		5C14173317EAF63B0062C779 /* image_types.hpp in Headers */ = {isa = PBXBuildFile; fileRef = 5C14171E17EAF63B0062C779 /* image_types.hpp */; };
		5C14173417EAF63B0062C779 /* image.cpp in Sources */ = {isa = PBXBuildFile; fileRef = 5C14171F17EAF63B0062C779 /* image.cpp */; };
		5C14173517EAF63B0062C779 /* image.cpp in Sources */ = {isa = PBXBuildFile; fileRef = 5C14171F17EAF63B0062C779 /* image.cpp */; };
		5C14173617EAF63B0062C779 /* image.hpp in Headers */ = {isa = PBXBuildFile; fileRef = 5C14172017EAF63B0062C779 /* image.hpp */; };
		5C14173717EAF63B0062C779 /* pipeline.cpp in Sources */ = {isa = PBXBuildFile; fileRef = 5C14172117EAF63B0062C779 /* pipeline.cpp */; };
		5C14173817EAF63B0062C779 /* pipeline.cpp in Sources */ = {isa = PBXBuildFile; fileRef = 5C14172117EAF63B0062C779 /* pipeline.cpp */; };
		5C14173917EAF63B0062C779 /* pipeline.hpp in Headers */ = {isa = PBXBuildFile; fileRef = 5C14172217EAF63B0062C779 /* pipeline.hpp */; };
		5C14173A17EAF63B0062C779 /* processing_stage.cpp in Sources */ = {isa = PBXBuildFile; fileRef = 5C14172317EAF63B0062C779 /* processing_stage.cpp */; };
		5C14173B17EAF63B0062C779 /* processing_stage.cpp in Sources */ = {isa = PBXBuildFile; fileRef = 5C14172317EAF63B0062C779 /* processing_stage.cpp */; };
		5C14173C17EAF63B0062C779 /* processing_stage.hpp in Headers */ = {isa = PBXBuildFile; fileRef = 5C14172417EAF63B0062C779 /* processing_stage.hpp */; };
		5C14173D17EAF63B0062C779 /* rasterization_stage.cpp in Sources */ = {isa = PBXBuildFile; fileRef = 5C14172517EAF63B0062C779 /* rasterization_stage.cpp */; };
		5C14173E17EAF63B0062C779 /* rasterization_stage.cpp in Sources */ = {isa = PBXBuildFile; fileRef = 5C14172517EAF63B0062C779 /* rasterization_stage.cpp */; };
		5C14173F17EAF63B0062C779 /* rasterization_stage.hpp in Headers */ = {isa = PBXBuildFile; fileRef = 5C14172617EAF63B0062C779 /* rasterization_stage.hpp */; };
		5C14174017EAF63B0062C779 /* stage_base.cpp in Sources */ = {isa = PBXBuildFile; fileRef = 5C14172717EAF63B0062C779 /* stage_base.cpp */; };
		5C14174117EAF63B0062C779 /* stage_base.cpp in Sources */ = {isa = PBXBuildFile; fileRef = 5C14172717EAF63B0062C779 /* stage_base.cpp */; };
		5C14174217EAF63B0062C779 /* stage_base.hpp in Headers */ = {isa = PBXBuildFile; fileRef = 5C14172817EAF63B0062C779 /* stage_base.hpp */; };
		5C14174317EAF63B0062C779 /* transform_stage.cpp in Sources */ = {isa = PBXBuildFile; fileRef = 5C14172917EAF63B0062C779 /* transform_stage.cpp */; };
		5C14174417EAF63B0062C779 /* transform_stage.cpp in Sources */ = {isa = PBXBuildFile; fileRef = 5C14172917EAF63B0062C779 /* transform_stage.cpp */; };
		5C14174517EAF63B0062C779 /* transform_stage.hpp in Headers */ = {isa = PBXBuildFile; fileRef = 5C14172A17EAF63B0062C779 /* transform_stage.hpp */; };
		5C14174C17EAF6450062C779 /* oclraster_program.cpp in Sources */ = {isa = PBXBuildFile; fileRef = 5C14174617EAF6450062C779 /* oclraster_program.cpp */; };
		5C14174D17EAF6450062C779 /* oclraster_program.cpp in Sources */ = {isa = PBXBuildFile; fileRef = 5C14174617EAF6450062C779 /* oclraster_program.cpp */; };
		5C14174E17EAF6450062C779 /* oclraster_program.hpp in Headers */ = {isa = PBXBuildFile; fileRef = 5C14174717EAF6450062C779 /* oclraster_program.hpp */; };
		5C14174F17EAF6450062C779 /* rasterization_program.cpp in Sources */ = {isa = PBXBuildFile; fileRef = 5C14174817EAF6450062C779 /* rasterization_program.cpp */; };
		5C14175017EAF6450062C779 /* rasterization_program.cpp in Sources */ = {isa = PBXBuildFile; fileRef = 5C14174817EAF6450062C779 /* rasterization_program.cpp */; };
		5C14175117EAF6450062C779 /* rasterization_program.hpp in Headers */ = {isa = PBXBuildFile; fileRef = 5C14174917EAF6450062C779 /* rasterization_program.hpp */; };
		5C14175217EAF6450062C779 /* transform_program.cpp in Sources */ = {isa = PBXBuildFile; fileRef = 5C14174A17EAF6450062C779 /* transform_program.cpp */; };
		5C14175317EAF6450062C779 /* transform_program.cpp in Sources */ = {isa = PBXBuildFile; fileRef = 5C14174A17EAF6450062C779 /* transform_program.cpp */; };
		5C14175417EAF6450062C779 /* transform_program.hpp in Headers */ = {isa = PBXBuildFile; fileRef = 5C14174B17EAF6450062C779 /* transform_program.hpp */; };
		5C14175717EAF64F0062C779 /* ios_helper.mm in Sources */ = {isa = PBXBuildFile; fileRef = 5C14175617EAF64F0062C779 /* ios_helper.mm */; };
		5C20264F159612C700D52A32 /* ApplicationServices.framework in Frameworks */ = {isa = PBXBuildFile; fileRef = 5CBCBF52158C139E007A661C /* ApplicationServices.framework */; };
		5C2C9275140AA9D900AC808C /* libxml2.dylib in Frameworks */ = {isa = PBXBuildFile; fileRef = 5C2C9274140AA9D900AC808C /* libxml2.dylib */; };
		5C61BDAC1231D32000FD3451 /* AppKit.framework in Frameworks */ = {isa = PBXBuildFile; fileRef = 5C61BDA81231D32000FD3451 /* AppKit.framework */; };
		5C61BDAD1231D32000FD3451 /* Cocoa.framework in Frameworks */ = {isa = PBXBuildFile; fileRef = 5C61BDA91231D32000FD3451 /* Cocoa.framework */; };
		5C61BDAE1231D32000FD3451 /* OpenCL.framework in Frameworks */ = {isa = PBXBuildFile; fileRef = 5C61BDAA1231D32000FD3451 /* OpenCL.framework */; };
		5C61BDAF1231D32000FD3451 /* OpenGL.framework in Frameworks */ = {isa = PBXBuildFile; fileRef = 5C61BDAB1231D32000FD3451 /* OpenGL.framework */; };
		5CC97E3E1501677200AB0D95 /* SDL2.framework in Frameworks */ = {isa = PBXBuildFile; fileRef = 5CC97E3C1501677200AB0D95 /* SDL2.framework */; };
		5CC97E3F1501677200AB0D95 /* SDL2_image.framework in Frameworks */ = {isa = PBXBuildFile; fileRef = 5CC97E3D1501677200AB0D95 /* SDL2_image.framework */; };
		5CCC96341641B36D005C3DE4 /* oclraster.cpp in Sources */ = {isa = PBXBuildFile; fileRef = 5CCC96301641B36D005C3DE4 /* oclraster.cpp */; };
		5CE9722F16D682D600271278 /* Foundation.framework in Frameworks */ = {isa = PBXBuildFile; fileRef = 5CE9722E16D682D600271278 /* Foundation.framework */; };
		5CE9723A16D683B400271278 /* oclraster.cpp in Sources */ = {isa = PBXBuildFile; fileRef = 5CCC96301641B36D005C3DE4 /* oclraster.cpp */; };
		5CE9725A16D683CD00271278 /* QuartzCore.framework in Frameworks */ = {isa = PBXBuildFile; fileRef = 5CE9725916D683CD00271278 /* QuartzCore.framework */; };
		5CE9725E16D683EE00271278 /* CoreAudio.framework in Frameworks */ = {isa = PBXBuildFile; fileRef = 5CE9725B16D683EE00271278 /* CoreAudio.framework */; };
		5CE9725F16D683EE00271278 /* CoreGraphics.framework in Frameworks */ = {isa = PBXBuildFile; fileRef = 5CE9725C16D683EE00271278 /* CoreGraphics.framework */; };
		5CE9726016D683EE00271278 /* CoreImage.framework in Frameworks */ = {isa = PBXBuildFile; fileRef = 5CE9725D16D683EE00271278 /* CoreImage.framework */; };
		5CE9726216D683F500271278 /* OpenGLES.framework in Frameworks */ = {isa = PBXBuildFile; fileRef = 5CE9726116D683F500271278 /* OpenGLES.framework */; };
		5CE9726416D683FA00271278 /* UIKit.framework in Frameworks */ = {isa = PBXBuildFile; fileRef = 5CE9726316D683FA00271278 /* UIKit.framework */; };
		5CE9726616D6840200271278 /* AudioToolbox.framework in Frameworks */ = {isa = PBXBuildFile; fileRef = 5CE9726516D6840200271278 /* AudioToolbox.framework */; };
		5CE9726816D6840800271278 /* ImageIO.framework in Frameworks */ = {isa = PBXBuildFile; fileRef = 5CE9726716D6840800271278 /* ImageIO.framework */; };
		5CE9726A16D6840D00271278 /* MobileCoreServices.framework in Frameworks */ = {isa = PBXBuildFile; fileRef = 5CE9726916D6840D00271278 /* MobileCoreServices.framework */; };
		5CE9726E16D6841C00271278 /* libxml2.2.dylib in Frameworks */ = {isa = PBXBuildFile; fileRef = 5CE9726D16D6841C00271278 /* libxml2.2.dylib */; };
		5CE9727016D6842400271278 /* OpenCL.framework in Frameworks */ = {isa = PBXBuildFile; fileRef = 5CE9726F16D6842400271278 /* OpenCL.framework */; };
/* End PBXBuildFile section */

/* Begin PBXCopyFilesBuildPhase section */
		5CE9722B16D682D600271278 /* CopyFiles */ = {
			isa = PBXCopyFilesBuildPhase;
			buildActionMask = 2147483647;
			dstPath = "include/${PRODUCT_NAME}";
			dstSubfolderSpec = 16;
			files = (
			);
			runOnlyForDeploymentPostprocessing = 0;
		};
/* End PBXCopyFilesBuildPhase section */

/* Begin PBXFileReference section */
		5C053F8F160CB31400540A7B /* libz.dylib */ = {isa = PBXFileReference; lastKnownFileType = "compiled.mach-o.dylib"; name = libz.dylib; path = usr/lib/libz.dylib; sourceTree = SDKROOT; };
		5C05F790123171DA00D122BF /* liboclrasterd.dylib */ = {isa = PBXFileReference; explicitFileType = "compiled.mach-o.dylib"; includeInIndex = 0; path = liboclrasterd.dylib; sourceTree = BUILT_PRODUCTS_DIR; };
		5C14170C17EAF6220062C779 /* global.hpp */ = {isa = PBXFileReference; lastKnownFileType = sourcecode.cpp.h; name = global.hpp; path = oclraster/global.hpp; sourceTree = SOURCE_ROOT; };
		5C14170D17EAF6220062C779 /* oclraster_version.hpp */ = {isa = PBXFileReference; lastKnownFileType = sourcecode.cpp.h; name = oclraster_version.hpp; path = oclraster/oclraster_version.hpp; sourceTree = SOURCE_ROOT; };
		5C14170E17EAF6220062C779 /* oclraster.hpp */ = {isa = PBXFileReference; lastKnownFileType = sourcecode.cpp.h; name = oclraster.hpp; path = oclraster/oclraster.hpp; sourceTree = SOURCE_ROOT; };
		5C14170F17EAF6320062C779 /* a2m.cpp */ = {isa = PBXFileReference; fileEncoding = 4; lastKnownFileType = sourcecode.cpp.cpp; path = a2m.cpp; sourceTree = "<group>"; };
		5C14171017EAF6320062C779 /* a2m.hpp */ = {isa = PBXFileReference; fileEncoding = 4; lastKnownFileType = sourcecode.cpp.h; path = a2m.hpp; sourceTree = "<group>"; };
		5C14171117EAF6320062C779 /* camera.cpp */ = {isa = PBXFileReference; fileEncoding = 4; lastKnownFileType = sourcecode.cpp.cpp; path = camera.cpp; sourceTree = "<group>"; };
		5C14171217EAF6320062C779 /* camera.hpp */ = {isa = PBXFileReference; fileEncoding = 4; lastKnownFileType = sourcecode.cpp.h; path = camera.hpp; sourceTree = "<group>"; };
		5C14171917EAF63B0062C779 /* binning_stage.cpp */ = {isa = PBXFileReference; fileEncoding = 4; lastKnownFileType = sourcecode.cpp.cpp; path = binning_stage.cpp; sourceTree = "<group>"; };
		5C14171A17EAF63B0062C779 /* binning_stage.hpp */ = {isa = PBXFileReference; fileEncoding = 4; lastKnownFileType = sourcecode.cpp.h; path = binning_stage.hpp; sourceTree = "<group>"; };
		5C14171B17EAF63B0062C779 /* framebuffer.cpp */ = {isa = PBXFileReference; fileEncoding = 4; lastKnownFileType = sourcecode.cpp.cpp; path = framebuffer.cpp; sourceTree = "<group>"; };
		5C14171C17EAF63B0062C779 /* framebuffer.hpp */ = {isa = PBXFileReference; fileEncoding = 4; lastKnownFileType = sourcecode.cpp.h; path = framebuffer.hpp; sourceTree = "<group>"; };
		5C14171D17EAF63B0062C779 /* image_types.cpp */ = {isa = PBXFileReference; fileEncoding = 4; lastKnownFileType = sourcecode.cpp.cpp; path = image_types.cpp; sourceTree = "<group>"; };
		5C14171E17EAF63B0062C779 /* image_types.hpp */ = {isa = PBXFileReference; fileEncoding = 4; lastKnownFileType = sourcecode.cpp.h; path = image_types.hpp; sourceTree = "<group>"; };
		5C14171F17EAF63B0062C779 /* image.cpp */ = {isa = PBXFileReference; fileEncoding = 4; lastKnownFileType = sourcecode.cpp.cpp; path = image.cpp; sourceTree = "<group>"; };
		5C14172017EAF63B0062C779 /* image.hpp */ = {isa = PBXFileReference; fileEncoding = 4; lastKnownFileType = sourcecode.cpp.h; path = image.hpp; sourceTree = "<group>"; };
		5C14172117EAF63B0062C779 /* pipeline.cpp */ = {isa = PBXFileReference; fileEncoding = 4; lastKnownFileType = sourcecode.cpp.cpp; path = pipeline.cpp; sourceTree = "<group>"; };
		5C14172217EAF63B0062C779 /* pipeline.hpp */ = {isa = PBXFileReference; fileEncoding = 4; lastKnownFileType = sourcecode.cpp.h; path = pipeline.hpp; sourceTree = "<group>"; };
		5C14172317EAF63B0062C779 /* processing_stage.cpp */ = {isa = PBXFileReference; fileEncoding = 4; lastKnownFileType = sourcecode.cpp.cpp; path = processing_stage.cpp; sourceTree = "<group>"; };
		5C14172417EAF63B0062C779 /* processing_stage.hpp */ = {isa = PBXFileReference; fileEncoding = 4; lastKnownFileType = sourcecode.cpp.h; path = processing_stage.hpp; sourceTree = "<group>"; };
		5C14172517EAF63B0062C779 /* rasterization_stage.cpp */ = {isa = PBXFileReference; fileEncoding = 4; lastKnownFileType = sourcecode.cpp.cpp; path = rasterization_stage.cpp; sourceTree = "<group>"; };
		5C14172617EAF63B0062C779 /* rasterization_stage.hpp */ = {isa = PBXFileReference; fileEncoding = 4; lastKnownFileType = sourcecode.cpp.h; path = rasterization_stage.hpp; sourceTree = "<group>"; };
		5C14172717EAF63B0062C779 /* stage_base.cpp */ = {isa = PBXFileReference; fileEncoding = 4; lastKnownFileType = sourcecode.cpp.cpp; path = stage_base.cpp; sourceTree = "<group>"; };
		5C14172817EAF63B0062C779 /* stage_base.hpp */ = {isa = PBXFileReference; fileEncoding = 4; lastKnownFileType = sourcecode.cpp.h; path = stage_base.hpp; sourceTree = "<group>"; };
		5C14172917EAF63B0062C779 /* transform_stage.cpp */ = {isa = PBXFileReference; fileEncoding = 4; lastKnownFileType = sourcecode.cpp.cpp; path = transform_stage.cpp; sourceTree = "<group>"; };
		5C14172A17EAF63B0062C779 /* transform_stage.hpp */ = {isa = PBXFileReference; fileEncoding = 4; lastKnownFileType = sourcecode.cpp.h; path = transform_stage.hpp; sourceTree = "<group>"; };
		5C14174617EAF6450062C779 /* oclraster_program.cpp */ = {isa = PBXFileReference; fileEncoding = 4; lastKnownFileType = sourcecode.cpp.cpp; path = oclraster_program.cpp; sourceTree = "<group>"; };
		5C14174717EAF6450062C779 /* oclraster_program.hpp */ = {isa = PBXFileReference; fileEncoding = 4; lastKnownFileType = sourcecode.cpp.h; path = oclraster_program.hpp; sourceTree = "<group>"; };
		5C14174817EAF6450062C779 /* rasterization_program.cpp */ = {isa = PBXFileReference; fileEncoding = 4; lastKnownFileType = sourcecode.cpp.cpp; path = rasterization_program.cpp; sourceTree = "<group>"; };
		5C14174917EAF6450062C779 /* rasterization_program.hpp */ = {isa = PBXFileReference; fileEncoding = 4; lastKnownFileType = sourcecode.cpp.h; path = rasterization_program.hpp; sourceTree = "<group>"; };
		5C14174A17EAF6450062C779 /* transform_program.cpp */ = {isa = PBXFileReference; fileEncoding = 4; lastKnownFileType = sourcecode.cpp.cpp; path = transform_program.cpp; sourceTree = "<group>"; };
		5C14174B17EAF6450062C779 /* transform_program.hpp */ = {isa = PBXFileReference; fileEncoding = 4; lastKnownFileType = sourcecode.cpp.h; path = transform_program.hpp; sourceTree = "<group>"; };
		5C14175517EAF64F0062C779 /* ios_helper.hpp */ = {isa = PBXFileReference; fileEncoding = 4; lastKnownFileType = sourcecode.cpp.h; path = ios_helper.hpp; sourceTree = "<group>"; };
		5C14175617EAF64F0062C779 /* ios_helper.mm */ = {isa = PBXFileReference; fileEncoding = 4; lastKnownFileType = sourcecode.cpp.objcpp; path = ios_helper.mm; sourceTree = "<group>"; };
		5C2C9274140AA9D900AC808C /* libxml2.dylib */ = {isa = PBXFileReference; lastKnownFileType = "compiled.mach-o.dylib"; name = libxml2.dylib; path = usr/lib/libxml2.dylib; sourceTree = SDKROOT; };
		5C61BDA81231D32000FD3451 /* AppKit.framework */ = {isa = PBXFileReference; lastKnownFileType = wrapper.framework; name = AppKit.framework; path = /System/Library/Frameworks/AppKit.framework; sourceTree = "<absolute>"; };
		5C61BDA91231D32000FD3451 /* Cocoa.framework */ = {isa = PBXFileReference; lastKnownFileType = wrapper.framework; name = Cocoa.framework; path = /System/Library/Frameworks/Cocoa.framework; sourceTree = "<absolute>"; };
		5C61BDAA1231D32000FD3451 /* OpenCL.framework */ = {isa = PBXFileReference; lastKnownFileType = wrapper.framework; name = OpenCL.framework; path = /System/Library/Frameworks/OpenCL.framework; sourceTree = "<absolute>"; };
		5C61BDAB1231D32000FD3451 /* OpenGL.framework */ = {isa = PBXFileReference; lastKnownFileType = wrapper.framework; name = OpenGL.framework; path = /System/Library/Frameworks/OpenGL.framework; sourceTree = "<absolute>"; };
		5CBCBF52158C139E007A661C /* ApplicationServices.framework */ = {isa = PBXFileReference; lastKnownFileType = wrapper.framework; name = ApplicationServices.framework; path = System/Library/Frameworks/ApplicationServices.framework; sourceTree = SDKROOT; };
		5CBD7DAA15FC5B1400FB3954 /* CUDA.framework */ = {isa = PBXFileReference; lastKnownFileType = wrapper.framework; name = CUDA.framework; path = /Library/Frameworks/CUDA.framework; sourceTree = "<group>"; };
		5CC97E3C1501677200AB0D95 /* SDL2.framework */ = {isa = PBXFileReference; lastKnownFileType = wrapper.framework; name = SDL2.framework; path = Library/Frameworks/SDL2.framework; sourceTree = SDKROOT; };
		5CC97E3D1501677200AB0D95 /* SDL2_image.framework */ = {isa = PBXFileReference; lastKnownFileType = wrapper.framework; name = SDL2_image.framework; path = Library/Frameworks/SDL2_image.framework; sourceTree = SDKROOT; };
		5CCC96301641B36D005C3DE4 /* oclraster.cpp */ = {isa = PBXFileReference; fileEncoding = 4; lastKnownFileType = sourcecode.cpp.cpp; name = oclraster.cpp; path = oclraster/oclraster.cpp; sourceTree = SOURCE_ROOT; };
		5CE91CE916EE2F0C0044C264 /* premake.sh */ = {isa = PBXFileReference; lastKnownFileType = text.script.sh; name = premake.sh; path = ../premake.sh; sourceTree = "<group>"; };
		5CE91CEA16EE2F0C0044C264 /* premake4.lua */ = {isa = PBXFileReference; lastKnownFileType = text; name = premake4.lua; path = ../premake4.lua; sourceTree = "<group>"; xcLanguageSpecificationIdentifier = xcode.lang.python; };
		5CE91CEB16EE2F0C0044C264 /* README.textile */ = {isa = PBXFileReference; lastKnownFileType = text; name = README.textile; path = ../README.textile; sourceTree = "<group>"; };
		5CE91CEC16EE2F240044C264 /* install.sh */ = {isa = PBXFileReference; lastKnownFileType = text.script.sh; path = install.sh; sourceTree = "<group>"; };
		5CE9722D16D682D600271278 /* liboclrasterd.a */ = {isa = PBXFileReference; explicitFileType = archive.ar; includeInIndex = 0; path = liboclrasterd.a; sourceTree = BUILT_PRODUCTS_DIR; };
		5CE9722E16D682D600271278 /* Foundation.framework */ = {isa = PBXFileReference; lastKnownFileType = wrapper.framework; name = Foundation.framework; path = System/Library/Frameworks/Foundation.framework; sourceTree = SDKROOT; };
		5CE9725916D683CD00271278 /* QuartzCore.framework */ = {isa = PBXFileReference; lastKnownFileType = wrapper.framework; name = QuartzCore.framework; path = Platforms/iPhoneOS.platform/Developer/SDKs/iPhoneOS6.1.sdk/System/Library/Frameworks/QuartzCore.framework; sourceTree = DEVELOPER_DIR; };
		5CE9725B16D683EE00271278 /* CoreAudio.framework */ = {isa = PBXFileReference; lastKnownFileType = wrapper.framework; name = CoreAudio.framework; path = Platforms/iPhoneOS.platform/Developer/SDKs/iPhoneOS6.1.sdk/System/Library/Frameworks/CoreAudio.framework; sourceTree = DEVELOPER_DIR; };
		5CE9725C16D683EE00271278 /* CoreGraphics.framework */ = {isa = PBXFileReference; lastKnownFileType = wrapper.framework; name = CoreGraphics.framework; path = Platforms/iPhoneOS.platform/Developer/SDKs/iPhoneOS6.1.sdk/System/Library/Frameworks/CoreGraphics.framework; sourceTree = DEVELOPER_DIR; };
		5CE9725D16D683EE00271278 /* CoreImage.framework */ = {isa = PBXFileReference; lastKnownFileType = wrapper.framework; name = CoreImage.framework; path = Platforms/iPhoneOS.platform/Developer/SDKs/iPhoneOS6.1.sdk/System/Library/Frameworks/CoreImage.framework; sourceTree = DEVELOPER_DIR; };
		5CE9726116D683F500271278 /* OpenGLES.framework */ = {isa = PBXFileReference; lastKnownFileType = wrapper.framework; name = OpenGLES.framework; path = Platforms/iPhoneOS.platform/Developer/SDKs/iPhoneOS6.1.sdk/System/Library/Frameworks/OpenGLES.framework; sourceTree = DEVELOPER_DIR; };
		5CE9726316D683FA00271278 /* UIKit.framework */ = {isa = PBXFileReference; lastKnownFileType = wrapper.framework; name = UIKit.framework; path = Platforms/iPhoneOS.platform/Developer/SDKs/iPhoneOS6.1.sdk/System/Library/Frameworks/UIKit.framework; sourceTree = DEVELOPER_DIR; };
		5CE9726516D6840200271278 /* AudioToolbox.framework */ = {isa = PBXFileReference; lastKnownFileType = wrapper.framework; name = AudioToolbox.framework; path = Platforms/iPhoneOS.platform/Developer/SDKs/iPhoneOS6.1.sdk/System/Library/Frameworks/AudioToolbox.framework; sourceTree = DEVELOPER_DIR; };
		5CE9726716D6840800271278 /* ImageIO.framework */ = {isa = PBXFileReference; lastKnownFileType = wrapper.framework; name = ImageIO.framework; path = Platforms/iPhoneOS.platform/Developer/SDKs/iPhoneOS6.1.sdk/System/Library/Frameworks/ImageIO.framework; sourceTree = DEVELOPER_DIR; };
		5CE9726916D6840D00271278 /* MobileCoreServices.framework */ = {isa = PBXFileReference; lastKnownFileType = wrapper.framework; name = MobileCoreServices.framework; path = Platforms/iPhoneOS.platform/Developer/SDKs/iPhoneOS6.1.sdk/System/Library/Frameworks/MobileCoreServices.framework; sourceTree = DEVELOPER_DIR; };
		5CE9726B16D6841600271278 /* libz.dylib */ = {isa = PBXFileReference; lastKnownFileType = "compiled.mach-o.dylib"; name = libz.dylib; path = Platforms/iPhoneOS.platform/Developer/SDKs/iPhoneOS6.1.sdk/usr/lib/libz.dylib; sourceTree = DEVELOPER_DIR; };
		5CE9726D16D6841C00271278 /* libxml2.2.dylib */ = {isa = PBXFileReference; lastKnownFileType = "compiled.mach-o.dylib"; name = libxml2.2.dylib; path = Platforms/iPhoneOS.platform/Developer/SDKs/iPhoneOS6.1.sdk/usr/lib/libxml2.2.dylib; sourceTree = DEVELOPER_DIR; };
		5CE9726F16D6842400271278 /* OpenCL.framework */ = {isa = PBXFileReference; lastKnownFileType = wrapper.framework; name = OpenCL.framework; path = Platforms/iPhoneOS.platform/Developer/SDKs/iPhoneOS6.1.sdk/System/Library/PrivateFrameworks/OpenCL.framework; sourceTree = DEVELOPER_DIR; };
/* End PBXFileReference section */

/* Begin PBXFrameworksBuildPhase section */
		5C05F78D123171DA00D122BF /* Frameworks */ = {
			isa = PBXFrameworksBuildPhase;
			buildActionMask = 2147483647;
			files = (
				5C20264F159612C700D52A32 /* ApplicationServices.framework in Frameworks */,
				5C61BDAC1231D32000FD3451 /* AppKit.framework in Frameworks */,
				5C61BDAD1231D32000FD3451 /* Cocoa.framework in Frameworks */,
				5C61BDAE1231D32000FD3451 /* OpenCL.framework in Frameworks */,
				5C61BDAF1231D32000FD3451 /* OpenGL.framework in Frameworks */,
				5CC97E3E1501677200AB0D95 /* SDL2.framework in Frameworks */,
				5CC97E3F1501677200AB0D95 /* SDL2_image.framework in Frameworks */,
				5C2C9275140AA9D900AC808C /* libxml2.dylib in Frameworks */,
			);
			runOnlyForDeploymentPostprocessing = 0;
		};
		5CE9722A16D682D600271278 /* Frameworks */ = {
			isa = PBXFrameworksBuildPhase;
			buildActionMask = 2147483647;
			files = (
				5CE9726E16D6841C00271278 /* libxml2.2.dylib in Frameworks */,
				5CE9727016D6842400271278 /* OpenCL.framework in Frameworks */,
				5CE9726A16D6840D00271278 /* MobileCoreServices.framework in Frameworks */,
				5CE9726816D6840800271278 /* ImageIO.framework in Frameworks */,
				5CE9726616D6840200271278 /* AudioToolbox.framework in Frameworks */,
				5CE9726416D683FA00271278 /* UIKit.framework in Frameworks */,
				5CE9726216D683F500271278 /* OpenGLES.framework in Frameworks */,
				5CE9725E16D683EE00271278 /* CoreAudio.framework in Frameworks */,
				5CE9725F16D683EE00271278 /* CoreGraphics.framework in Frameworks */,
				5CE9726016D683EE00271278 /* CoreImage.framework in Frameworks */,
				5CE9725A16D683CD00271278 /* QuartzCore.framework in Frameworks */,
				5CE9722F16D682D600271278 /* Foundation.framework in Frameworks */,
			);
			runOnlyForDeploymentPostprocessing = 0;
		};
/* End PBXFrameworksBuildPhase section */

/* Begin PBXGroup section */
		5C05F781123171DA00D122BF = {
			isa = PBXGroup;
			children = (
				5C05F789123171DA00D122BF /* Source */,
				5CE91CE816EE2EE90044C264 /* Supporting Files */,
				5C05F78B123171DA00D122BF /* Frameworks */,
				5CE9727116D6842F00271278 /* iOS Frameworks */,
				5C05F791123171DA00D122BF /* Products */,
			);
			sourceTree = "<group>";
		};
		5C05F789123171DA00D122BF /* Source */ = {
			isa = PBXGroup;
			children = (
				5CCC96301641B36D005C3DE4 /* oclraster.cpp */,
				5C14170E17EAF6220062C779 /* oclraster.hpp */,
				5C14170D17EAF6220062C779 /* oclraster_version.hpp */,
				5C14170C17EAF6220062C779 /* global.hpp */,
				5C3975A7123189750075C168 /* core */,
				5CD8DB63164851A50082BEF7 /* pipeline */,
				5CD8DB78164853E20082BEF7 /* program */,
				5C8B986B16D58FBA00EAAD97 /* ios */,
			);
			path = Source;
			sourceTree = "<group>";
		};
		5C05F78B123171DA00D122BF /* Frameworks */ = {
			isa = PBXGroup;
			children = (
				5C053F8F160CB31400540A7B /* libz.dylib */,
				5C2C9274140AA9D900AC808C /* libxml2.dylib */,
				5CBCBF52158C139E007A661C /* ApplicationServices.framework */,
				5CC97E3C1501677200AB0D95 /* SDL2.framework */,
				5CC97E3D1501677200AB0D95 /* SDL2_image.framework */,
				5C61BDA81231D32000FD3451 /* AppKit.framework */,
				5C61BDA91231D32000FD3451 /* Cocoa.framework */,
				5C61BDAA1231D32000FD3451 /* OpenCL.framework */,
				5C61BDAB1231D32000FD3451 /* OpenGL.framework */,
				5CBD7DAA15FC5B1400FB3954 /* CUDA.framework */,
				5CE9722E16D682D600271278 /* Foundation.framework */,
			);
			name = Frameworks;
			sourceTree = "<group>";
		};
		5C05F791123171DA00D122BF /* Products */ = {
			isa = PBXGroup;
			children = (
				5C05F790123171DA00D122BF /* liboclrasterd.dylib */,
				5CE9722D16D682D600271278 /* liboclrasterd.a */,
			);
			name = Products;
			sourceTree = "<group>";
		};
		5C3975A7123189750075C168 /* core */ = {
			isa = PBXGroup;
			children = (
				5C14170F17EAF6320062C779 /* a2m.cpp */,
				5C14171017EAF6320062C779 /* a2m.hpp */,
				5C14171117EAF6320062C779 /* camera.cpp */,
				5C14171217EAF6320062C779 /* camera.hpp */,
			);
			path = core;
			sourceTree = SOURCE_ROOT;
		};
		5C8B986B16D58FBA00EAAD97 /* ios */ = {
			isa = PBXGroup;
			children = (
				5C14175517EAF64F0062C779 /* ios_helper.hpp */,
				5C14175617EAF64F0062C779 /* ios_helper.mm */,
			);
			path = ios;
			sourceTree = SOURCE_ROOT;
		};
		5CD8DB63164851A50082BEF7 /* pipeline */ = {
			isa = PBXGroup;
			children = (
				5C14171917EAF63B0062C779 /* binning_stage.cpp */,
				5C14171A17EAF63B0062C779 /* binning_stage.hpp */,
				5C14171B17EAF63B0062C779 /* framebuffer.cpp */,
				5C14171C17EAF63B0062C779 /* framebuffer.hpp */,
				5C14171D17EAF63B0062C779 /* image_types.cpp */,
				5C14171E17EAF63B0062C779 /* image_types.hpp */,
				5C14171F17EAF63B0062C779 /* image.cpp */,
				5C14172017EAF63B0062C779 /* image.hpp */,
				5C14172117EAF63B0062C779 /* pipeline.cpp */,
				5C14172217EAF63B0062C779 /* pipeline.hpp */,
				5C14172317EAF63B0062C779 /* processing_stage.cpp */,
				5C14172417EAF63B0062C779 /* processing_stage.hpp */,
				5C14172517EAF63B0062C779 /* rasterization_stage.cpp */,
				5C14172617EAF63B0062C779 /* rasterization_stage.hpp */,
				5C14172717EAF63B0062C779 /* stage_base.cpp */,
				5C14172817EAF63B0062C779 /* stage_base.hpp */,
				5C14172917EAF63B0062C779 /* transform_stage.cpp */,
				5C14172A17EAF63B0062C779 /* transform_stage.hpp */,
			);
			path = pipeline;
			sourceTree = SOURCE_ROOT;
		};
		5CD8DB78164853E20082BEF7 /* program */ = {
			isa = PBXGroup;
			children = (
				5C14174617EAF6450062C779 /* oclraster_program.cpp */,
				5C14174717EAF6450062C779 /* oclraster_program.hpp */,
				5C14174817EAF6450062C779 /* rasterization_program.cpp */,
				5C14174917EAF6450062C779 /* rasterization_program.hpp */,
				5C14174A17EAF6450062C779 /* transform_program.cpp */,
				5C14174B17EAF6450062C779 /* transform_program.hpp */,
			);
			path = program;
			sourceTree = SOURCE_ROOT;
		};
		5CE91CE816EE2EE90044C264 /* Supporting Files */ = {
			isa = PBXGroup;
			children = (
				5CE91CE916EE2F0C0044C264 /* premake.sh */,
				5CE91CEA16EE2F0C0044C264 /* premake4.lua */,
				5CE91CEB16EE2F0C0044C264 /* README.textile */,
				5CE91CEC16EE2F240044C264 /* install.sh */,
			);
			name = "Supporting Files";
			sourceTree = "<group>";
		};
		5CE9727116D6842F00271278 /* iOS Frameworks */ = {
			isa = PBXGroup;
			children = (
				5CE9726D16D6841C00271278 /* libxml2.2.dylib */,
				5CE9726B16D6841600271278 /* libz.dylib */,
				5CE9726F16D6842400271278 /* OpenCL.framework */,
				5CE9726916D6840D00271278 /* MobileCoreServices.framework */,
				5CE9726716D6840800271278 /* ImageIO.framework */,
				5CE9726516D6840200271278 /* AudioToolbox.framework */,
				5CE9726316D683FA00271278 /* UIKit.framework */,
				5CE9726116D683F500271278 /* OpenGLES.framework */,
				5CE9725B16D683EE00271278 /* CoreAudio.framework */,
				5CE9725C16D683EE00271278 /* CoreGraphics.framework */,
				5CE9725D16D683EE00271278 /* CoreImage.framework */,
				5CE9725916D683CD00271278 /* QuartzCore.framework */,
			);
			name = "iOS Frameworks";
			sourceTree = "<group>";
		};
/* End PBXGroup section */

/* Begin PBXHeadersBuildPhase section */
		5C05F78E123171DA00D122BF /* Headers */ = {
			isa = PBXHeadersBuildPhase;
			buildActionMask = 2147483647;
			files = (
				5C14173017EAF63B0062C779 /* framebuffer.hpp in Headers */,
				5C14171817EAF6320062C779 /* camera.hpp in Headers */,
				5C14175417EAF6450062C779 /* transform_program.hpp in Headers */,
				5C14173C17EAF63B0062C779 /* processing_stage.hpp in Headers */,
				5C14173917EAF63B0062C779 /* pipeline.hpp in Headers */,
				5C14173317EAF63B0062C779 /* image_types.hpp in Headers */,
				5C14174E17EAF6450062C779 /* oclraster_program.hpp in Headers */,
				5C14173F17EAF63B0062C779 /* rasterization_stage.hpp in Headers */,
				5C14174217EAF63B0062C779 /* stage_base.hpp in Headers */,
				5C14171517EAF6320062C779 /* a2m.hpp in Headers */,
				5C14172D17EAF63B0062C779 /* binning_stage.hpp in Headers */,
				5C14174517EAF63B0062C779 /* transform_stage.hpp in Headers */,
				5C14173617EAF63B0062C779 /* image.hpp in Headers */,
				5C14175117EAF6450062C779 /* rasterization_program.hpp in Headers */,
			);
			runOnlyForDeploymentPostprocessing = 0;
		};
/* End PBXHeadersBuildPhase section */

/* Begin PBXNativeTarget section */
		5C05F78F123171DA00D122BF /* oclraster */ = {
			isa = PBXNativeTarget;
			buildConfigurationList = 5C05F79C123171DA00D122BF /* Build configuration list for PBXNativeTarget "oclraster" */;
			buildPhases = (
				5CA1EEB812319E5B00AAE151 /* ShellScript */,
				5C05F78C123171DA00D122BF /* Sources */,
				5C05F78D123171DA00D122BF /* Frameworks */,
				5C05F78E123171DA00D122BF /* Headers */,
			);
			buildRules = (
			);
			dependencies = (
			);
			name = oclraster;
			productName = oclraster;
			productReference = 5C05F790123171DA00D122BF /* liboclrasterd.dylib */;
			productType = "com.apple.product-type.library.dynamic";
		};
		5CE9722C16D682D600271278 /* oclraster_ios */ = {
			isa = PBXNativeTarget;
			buildConfigurationList = 5CE9723916D682D600271278 /* Build configuration list for PBXNativeTarget "oclraster_ios" */;
			buildPhases = (
				5CE9722916D682D600271278 /* Sources */,
				5CE9722A16D682D600271278 /* Frameworks */,
				5CE9722B16D682D600271278 /* CopyFiles */,
			);
			buildRules = (
			);
			dependencies = (
			);
			name = oclraster_ios;
			productName = oclraster_ios;
			productReference = 5CE9722D16D682D600271278 /* liboclrasterd.a */;
			productType = "com.apple.product-type.library.static";
		};
/* End PBXNativeTarget section */

/* Begin PBXProject section */
		5C05F783123171DA00D122BF /* Project object */ = {
			isa = PBXProject;
			attributes = {
				LastUpgradeCheck = 0500;
			};
			buildConfigurationList = 5C05F786123171DA00D122BF /* Build configuration list for PBXProject "oclraster" */;
			compatibilityVersion = "Xcode 3.2";
			developmentRegion = English;
			hasScannedForEncodings = 0;
			knownRegions = (
				en,
			);
			mainGroup = 5C05F781123171DA00D122BF;
			productRefGroup = 5C05F791123171DA00D122BF /* Products */;
			projectDirPath = "";
			projectRoot = "";
			targets = (
				5C05F78F123171DA00D122BF /* oclraster */,
				5CE9722C16D682D600271278 /* oclraster_ios */,
			);
		};
/* End PBXProject section */

/* Begin PBXShellScriptBuildPhase section */
		5CA1EEB812319E5B00AAE151 /* ShellScript */ = {
			isa = PBXShellScriptBuildPhase;
			buildActionMask = 2147483647;
			files = (
			);
			inputPaths = (
			);
			outputPaths = (
			);
			runOnlyForDeploymentPostprocessing = 0;
			shellPath = /bin/sh;
			shellScript = "./build_version.sh\n";
		};
/* End PBXShellScriptBuildPhase section */

/* Begin PBXSourcesBuildPhase section */
		5C05F78C123171DA00D122BF /* Sources */ = {
			isa = PBXSourcesBuildPhase;
			buildActionMask = 2147483647;
			files = (
				5C14174C17EAF6450062C779 /* oclraster_program.cpp in Sources */,
				5CCC96341641B36D005C3DE4 /* oclraster.cpp in Sources */,
				5C14173A17EAF63B0062C779 /* processing_stage.cpp in Sources */,
				5C14171317EAF6320062C779 /* a2m.cpp in Sources */,
				5C14174017EAF63B0062C779 /* stage_base.cpp in Sources */,
				5C14173717EAF63B0062C779 /* pipeline.cpp in Sources */,
				5C14172B17EAF63B0062C779 /* binning_stage.cpp in Sources */,
				5C14171617EAF6320062C779 /* camera.cpp in Sources */,
				5C14175217EAF6450062C779 /* transform_program.cpp in Sources */,
				5C14173117EAF63B0062C779 /* image_types.cpp in Sources */,
				5C14172E17EAF63B0062C779 /* framebuffer.cpp in Sources */,
				5C14174F17EAF6450062C779 /* rasterization_program.cpp in Sources */,
				5C14173417EAF63B0062C779 /* image.cpp in Sources */,
				5C14173D17EAF63B0062C779 /* rasterization_stage.cpp in Sources */,
				5C14174317EAF63B0062C779 /* transform_stage.cpp in Sources */,
			);
			runOnlyForDeploymentPostprocessing = 0;
		};
		5CE9722916D682D600271278 /* Sources */ = {
			isa = PBXSourcesBuildPhase;
			buildActionMask = 2147483647;
			files = (
				5CE9723A16D683B400271278 /* oclraster.cpp in Sources */,
				5C14173B17EAF63B0062C779 /* processing_stage.cpp in Sources */,
				5C14174117EAF63B0062C779 /* stage_base.cpp in Sources */,
				5C14175017EAF6450062C779 /* rasterization_program.cpp in Sources */,
				5C14174417EAF63B0062C779 /* transform_stage.cpp in Sources */,
				5C14174D17EAF6450062C779 /* oclraster_program.cpp in Sources */,
				5C14171417EAF6320062C779 /* a2m.cpp in Sources */,
				5C14172C17EAF63B0062C779 /* binning_stage.cpp in Sources */,
				5C14173817EAF63B0062C779 /* pipeline.cpp in Sources */,
				5C14175317EAF6450062C779 /* transform_program.cpp in Sources */,
				5C14171717EAF6320062C779 /* camera.cpp in Sources */,
				5C14172F17EAF63B0062C779 /* framebuffer.cpp in Sources */,
				5C14173217EAF63B0062C779 /* image_types.cpp in Sources */,
				5C14173517EAF63B0062C779 /* image.cpp in Sources */,
				5C14173E17EAF63B0062C779 /* rasterization_stage.cpp in Sources */,
				5C14175717EAF64F0062C779 /* ios_helper.mm in Sources */,
			);
			runOnlyForDeploymentPostprocessing = 0;
		};
/* End PBXSourcesBuildPhase section */

/* Begin XCBuildConfiguration section */
		5C05F79A123171DA00D122BF /* Debug */ = {
			isa = XCBuildConfiguration;
			buildSettings = {
				ARCHS = "$(ARCHS_STANDARD_32_64_BIT)";
				CLANG_ANALYZER_SECURITY_FLOATLOOPCOUNTER = YES;
				CLANG_ANALYZER_SECURITY_INSECUREAPI_RAND = YES;
				CLANG_ANALYZER_SECURITY_INSECUREAPI_STRCPY = YES;
				CLANG_CXX_LANGUAGE_STANDARD = "c++0x";
				CLANG_CXX_LIBRARY = "libc++";
				CLANG_WARN_BOOL_CONVERSION = YES;
				CLANG_WARN_CONSTANT_CONVERSION = YES;
				CLANG_WARN_EMPTY_BODY = YES;
				CLANG_WARN_ENUM_CONVERSION = YES;
				CLANG_WARN_INT_CONVERSION = YES;
				CLANG_WARN__DUPLICATE_METHOD_MATCH = YES;
				CONFIGURATION_BUILD_DIR = ../bin;
				CURRENT_PROJECT_VERSION = 0.0.6;
				DYLIB_COMPATIBILITY_VERSION = 0.0.6;
				DYLIB_CURRENT_VERSION = 0.0.6;
				GCC_C_LANGUAGE_STANDARD = c11;
				GCC_ENABLE_SSE3_EXTENSIONS = YES;
				GCC_ENABLE_SSE41_EXTENSIONS = YES;
				GCC_ENABLE_SUPPLEMENTAL_SSE3_INSTRUCTIONS = YES;
				GCC_OPTIMIZATION_LEVEL = 0;
				GCC_PREPROCESSOR_DEFINITIONS = (
					DEBUG,
					"OCLRASTER_DEBUG=1",
					"OCLRASTER_EXPORT=1",
					"TCC_LIB_ONLY=1",
				);
				GCC_VERSION = com.apple.compilers.llvm.clang.1_0;
				GCC_WARN_ABOUT_RETURN_TYPE = YES;
				GCC_WARN_UNDECLARED_SELECTOR = YES;
				GCC_WARN_UNINITIALIZED_AUTOS = YES;
				GCC_WARN_UNUSED_FUNCTION = YES;
				GCC_WARN_UNUSED_VARIABLE = YES;
				HEADER_SEARCH_PATHS = (
					.,
					/usr/local/include/floor,
					/usr/local/include,
				);
				LIBRARY_SEARCH_PATHS = (
					/usr/local/lib,
					/usr/lib,
				);
				MACOSX_DEPLOYMENT_TARGET = 10.7;
				ONLY_ACTIVE_ARCH = YES;
				OTHER_CFLAGS = "-fparse-all-comments";
				OTHER_LDFLAGS = "-lfloord";
				SDKROOT = macosx;
				STRINGS_FILE_OUTPUT_ENCODING = "UTF-8";
				WARNING_CFLAGS = (
					"-Weverything",
					"-Wno-c++98-compat",
					"-Wno-c++98-compat-pedantic",
					"-Wno-c99-extensions",
					"-Wno-header-hygiene",
					"-Wno-gnu",
					"-Wno-float-equal",
					"-Wno-documentation",
					"-Wno-system-headers",
					"-Wno-global-constructors",
					"-Wno-padded",
					"-Wno-packed",
					"-Wno-switch-enum",
					"-Wno-sign-conversion",
					"-Wno-conversion",
					"-Wno-exit-time-destructors",
					"-Wno-unknown-warning-option",
					"-Wmissing-field-initializers",
					"-Wmissing-prototypes",
					"-Wreturn-type",
					"-Woverloaded-virtual",
					"-Wmissing-braces",
					"-Wunused-function",
					"-Wunused-label",
					"-Wunused-parameter",
					"-Wunused-variable",
					"-Wuninitialized",
					"-Wunknown-pragmas",
					"-Wfour-char-constants",
					"-Wshorten-64-to-32",
					"-Wnewline-eof",
					"-Wnon-virtual-dtor",
					"-Wno-nested-anon-types",
				);
			};
			name = Debug;
		};
		5C05F79B123171DA00D122BF /* Release */ = {
			isa = XCBuildConfiguration;
			buildSettings = {
				ARCHS = "$(ARCHS_STANDARD_32_64_BIT)";
				CLANG_ANALYZER_SECURITY_FLOATLOOPCOUNTER = YES;
				CLANG_ANALYZER_SECURITY_INSECUREAPI_RAND = YES;
				CLANG_ANALYZER_SECURITY_INSECUREAPI_STRCPY = YES;
				CLANG_CXX_LANGUAGE_STANDARD = "c++0x";
				CLANG_CXX_LIBRARY = "libc++";
				CLANG_WARN_BOOL_CONVERSION = YES;
				CLANG_WARN_CONSTANT_CONVERSION = YES;
				CLANG_WARN_EMPTY_BODY = YES;
				CLANG_WARN_ENUM_CONVERSION = YES;
				CLANG_WARN_INT_CONVERSION = YES;
				CLANG_WARN__DUPLICATE_METHOD_MATCH = YES;
				CONFIGURATION_BUILD_DIR = ../bin;
				CURRENT_PROJECT_VERSION = 0.0.6;
				DYLIB_COMPATIBILITY_VERSION = 0.0.6;
				DYLIB_CURRENT_VERSION = 0.0.6;
				GCC_C_LANGUAGE_STANDARD = c11;
				GCC_ENABLE_SSE3_EXTENSIONS = YES;
				GCC_ENABLE_SSE41_EXTENSIONS = YES;
				GCC_ENABLE_SUPPLEMENTAL_SSE3_INSTRUCTIONS = YES;
				GCC_OPTIMIZATION_LEVEL = fast;
				GCC_PREPROCESSOR_DEFINITIONS = (
					"OCLRASTER_EXPORT=1",
					"TCC_LIB_ONLY=1",
				);
				GCC_VERSION = com.apple.compilers.llvm.clang.1_0;
				GCC_WARN_ABOUT_RETURN_TYPE = YES;
				GCC_WARN_UNDECLARED_SELECTOR = YES;
				GCC_WARN_UNINITIALIZED_AUTOS = YES;
				GCC_WARN_UNUSED_FUNCTION = YES;
				GCC_WARN_UNUSED_VARIABLE = YES;
				HEADER_SEARCH_PATHS = (
					.,
					/usr/local/include/floor,
					/usr/local/include,
				);
				LIBRARY_SEARCH_PATHS = (
					/usr/local/lib,
					/usr/lib,
				);
				MACOSX_DEPLOYMENT_TARGET = 10.7;
				OTHER_CFLAGS = "-fparse-all-comments";
				OTHER_LDFLAGS = "-lfloor";
				SDKROOT = macosx;
				STRINGS_FILE_OUTPUT_ENCODING = "UTF-8";
				WARNING_CFLAGS = (
					"-Weverything",
					"-Wno-c++98-compat",
					"-Wno-c++98-compat-pedantic",
					"-Wno-c99-extensions",
					"-Wno-header-hygiene",
					"-Wno-gnu",
					"-Wno-float-equal",
					"-Wno-documentation",
					"-Wno-system-headers",
					"-Wno-global-constructors",
					"-Wno-padded",
					"-Wno-packed",
					"-Wno-switch-enum",
					"-Wno-sign-conversion",
					"-Wno-conversion",
					"-Wno-exit-time-destructors",
					"-Wno-unknown-warning-option",
					"-Wmissing-field-initializers",
					"-Wmissing-prototypes",
					"-Wreturn-type",
					"-Woverloaded-virtual",
					"-Wmissing-braces",
					"-Wunused-function",
					"-Wunused-label",
					"-Wunused-parameter",
					"-Wunused-variable",
					"-Wuninitialized",
					"-Wunknown-pragmas",
					"-Wfour-char-constants",
					"-Wshorten-64-to-32",
					"-Wnewline-eof",
					"-Wnon-virtual-dtor",
					"-Wno-nested-anon-types",
				);
			};
			name = Release;
		};
		5C05F79D123171DA00D122BF /* Debug */ = {
			isa = XCBuildConfiguration;
			buildSettings = {
				ALWAYS_SEARCH_USER_PATHS = NO;
				ARCHS = "$(ARCHS_STANDARD_64_BIT)";
				CLANG_ANALYZER_SECURITY_FLOATLOOPCOUNTER = YES;
				CLANG_ANALYZER_SECURITY_INSECUREAPI_RAND = YES;
				CLANG_ANALYZER_SECURITY_INSECUREAPI_STRCPY = YES;
				COMBINE_HIDPI_IMAGES = YES;
				COPY_PHASE_STRIP = NO;
				DEBUG_INFORMATION_FORMAT = dwarf;
				GCC_DYNAMIC_NO_PIC = NO;
				GCC_ENABLE_OBJC_EXCEPTIONS = NO;
				GCC_INCREASE_PRECOMPILED_HEADER_SHARING = YES;
				GCC_PRECOMPILE_PREFIX_HEADER = YES;
				GCC_PREPROCESSOR_DEFINITIONS = (
					"$(inherited)",
					"OCLRASTER_CUDA_CL=1",
					"FLOOR_CUDA_CL=1",
					PLATFORM_X64,
				);
				GCC_STRICT_ALIASING = YES;
				GCC_UNROLL_LOOPS = YES;
				GCC_WARN_SHADOW = YES;
				GCC_WARN_SIGN_COMPARE = YES;
				INSTALL_PATH = "@rpath";
				LD_DYLIB_INSTALL_NAME = "@rpath/$(EXECUTABLE_PATH)";
				LIBRARY_SEARCH_PATHS = (
					"$(inherited)",
					/usr/X11/lib,
				);
				LLVM_LTO = NO;
				ONLY_ACTIVE_ARCH = YES;
				OTHER_CFLAGS = (
					"-isystem",
					/usr/X11/include,
					"-isystem",
					/usr/include/libxml2,
				);
				OTHER_CPLUSPLUSFLAGS = (
					"$(OTHER_CFLAGS)",
					"-fno-elide-type",
					"-fdiagnostics-show-template-tree",
				);
				OTHER_LDFLAGS = (
					"-lfloord",
					"-weak_framework",
					CUDA,
				);
				PRODUCT_NAME = liboclrasterd;
				SDKROOT = macosx;
			};
			name = Debug;
		};
		5C05F79E123171DA00D122BF /* Release */ = {
			isa = XCBuildConfiguration;
			buildSettings = {
				ALWAYS_SEARCH_USER_PATHS = NO;
				ARCHS = "$(ARCHS_STANDARD_64_BIT)";
				CLANG_ANALYZER_SECURITY_FLOATLOOPCOUNTER = YES;
				CLANG_ANALYZER_SECURITY_INSECUREAPI_RAND = YES;
				CLANG_ANALYZER_SECURITY_INSECUREAPI_STRCPY = YES;
				COMBINE_HIDPI_IMAGES = YES;
				COPY_PHASE_STRIP = YES;
				DEBUG_INFORMATION_FORMAT = "dwarf-with-dsym";
				GCC_ENABLE_OBJC_EXCEPTIONS = NO;
				GCC_INCREASE_PRECOMPILED_HEADER_SHARING = YES;
				GCC_PRECOMPILE_PREFIX_HEADER = YES;
				GCC_PREPROCESSOR_DEFINITIONS = (
					"$(inherited)",
					"OCLRASTER_CUDA_CL=1",
					"FLOOR_CUDA_CL=1",
					PLATFORM_X64,
				);
				GCC_STRICT_ALIASING = YES;
				GCC_UNROLL_LOOPS = YES;
				GCC_WARN_SHADOW = YES;
				GCC_WARN_SIGN_COMPARE = YES;
				INSTALL_PATH = "@rpath";
				LD_DYLIB_INSTALL_NAME = "@rpath/$(EXECUTABLE_PATH)";
				LIBRARY_SEARCH_PATHS = (
					"$(inherited)",
					/usr/X11/lib,
				);
				LLVM_LTO = NO;
				ONLY_ACTIVE_ARCH = YES;
				OTHER_CFLAGS = (
					"-isystem",
					/usr/X11/include,
					"-isystem",
					/usr/include/libxml2,
				);
				OTHER_CPLUSPLUSFLAGS = (
					"$(OTHER_CFLAGS)",
					"-fno-elide-type",
					"-fdiagnostics-show-template-tree",
				);
				OTHER_LDFLAGS = (
					"-lfloor",
					"-weak_framework",
					CUDA,
				);
				PRODUCT_NAME = liboclraster;
				SDKROOT = macosx;
			};
			name = Release;
		};
		5CE9723716D682D600271278 /* Debug */ = {
			isa = XCBuildConfiguration;
			buildSettings = {
				ALWAYS_SEARCH_USER_PATHS = NO;
				ARCHS = "$(ARCHS_STANDARD_32_BIT)";
				CLANG_WARN_EMPTY_BODY = YES;
				CLANG_WARN_ENUM_CONVERSION = YES;
				COPY_PHASE_STRIP = NO;
				DSTROOT = /tmp/oclraster_ios.dst;
				FRAMEWORK_SEARCH_PATHS = (
					"$(inherited)",
					"\"$(SDKROOT)$(SYSTEM_LIBRARY_DIR)/PrivateFrameworks\"",
				);
				GCC_DYNAMIC_NO_PIC = NO;
				GCC_PRECOMPILE_PREFIX_HEADER = YES;
				GCC_PREPROCESSOR_DEFINITIONS = (
					"$(inherited)",
					"OCLRASTER_IOS=1",
					PLATFORM_X86,
				);
				GCC_SYMBOLS_PRIVATE_EXTERN = NO;
				GCC_WARN_SHADOW = YES;
				GCC_WARN_SIGN_COMPARE = YES;
				IPHONEOS_DEPLOYMENT_TARGET = 6.1;
				OTHER_CFLAGS = (
					"-isystem",
					/usr/include/libxml2,
				);
				OTHER_CPLUSPLUSFLAGS = (
					"$(OTHER_CFLAGS)",
					"-fno-elide-type",
					"-fdiagnostics-show-template-tree",
				);
				OTHER_LDFLAGS = (
					"-ObjC",
					"-lSDL2",
					"-lSDL2_image",
				);
				PRODUCT_NAME = oclrasterd;
				SDKROOT = iphoneos;
				SKIP_INSTALL = YES;
				TARGETED_DEVICE_FAMILY = "1,2";
				WARNING_CFLAGS = (
					"-Weverything",
					"-Wno-c++98-compat",
					"-Wno-c++98-compat-pedantic",
					"-Wno-header-hygiene",
					"-Wno-gnu",
					"-Wno-float-equal",
					"-Wno-documentation",
					"-Wno-system-headers",
					"-Wno-global-constructors",
					"-Wno-padded",
					"-Wno-packed",
					"-Wno-switch-enum",
					"-Wno-sign-conversion",
					"-Wno-conversion",
					"-Wno-exit-time-destructors",
					"-Wno-unknown-warning-option",
					"-Wmissing-field-initializers",
					"-Wmissing-prototypes",
					"-Wreturn-type",
					"-Woverloaded-virtual",
					"-Wmissing-braces",
					"-Wunused-function",
					"-Wunused-label",
					"-Wunused-parameter",
					"-Wunused-variable",
					"-Wuninitialized",
					"-Wunknown-pragmas",
					"-Wfour-char-constants",
					"-Wshorten-64-to-32",
					"-Wnewline-eof",
					"-Wnon-virtual-dtor",
					"-Wno-over-aligned",
				);
			};
			name = Debug;
		};
		5CE9723816D682D600271278 /* Release */ = {
			isa = XCBuildConfiguration;
			buildSettings = {
				ALWAYS_SEARCH_USER_PATHS = NO;
				ARCHS = "$(ARCHS_STANDARD_32_BIT)";
				CLANG_WARN_EMPTY_BODY = YES;
				CLANG_WARN_ENUM_CONVERSION = YES;
				COPY_PHASE_STRIP = YES;
				DSTROOT = /tmp/oclraster_ios.dst;
				FRAMEWORK_SEARCH_PATHS = (
					"$(inherited)",
					"\"$(SDKROOT)$(SYSTEM_LIBRARY_DIR)/PrivateFrameworks\"",
				);
				GCC_PRECOMPILE_PREFIX_HEADER = YES;
				GCC_PREPROCESSOR_DEFINITIONS = (
					"$(inherited)",
					"OCLRASTER_IOS=1",
					PLATFORM_X86,
				);
				GCC_WARN_SHADOW = YES;
				GCC_WARN_SIGN_COMPARE = YES;
				IPHONEOS_DEPLOYMENT_TARGET = 6.1;
				OTHER_CFLAGS = (
					"-isystem",
					/usr/include/libxml2,
				);
				OTHER_CPLUSPLUSFLAGS = (
					"$(OTHER_CFLAGS)",
					"-fno-elide-type",
					"-fdiagnostics-show-template-tree",
				);
				OTHER_LDFLAGS = (
					"-ObjC",
					"-lSDL2",
					"-lSDL2_image",
				);
				PRODUCT_NAME = oclraster;
				SDKROOT = iphoneos;
				SKIP_INSTALL = YES;
				TARGETED_DEVICE_FAMILY = "1,2";
				VALIDATE_PRODUCT = YES;
				WARNING_CFLAGS = (
					"-Weverything",
					"-Wno-c++98-compat",
					"-Wno-c++98-compat-pedantic",
					"-Wno-header-hygiene",
					"-Wno-gnu",
					"-Wno-float-equal",
					"-Wno-documentation",
					"-Wno-system-headers",
					"-Wno-global-constructors",
					"-Wno-padded",
					"-Wno-packed",
					"-Wno-switch-enum",
					"-Wno-sign-conversion",
					"-Wno-conversion",
					"-Wno-exit-time-destructors",
					"-Wno-unknown-warning-option",
					"-Wmissing-field-initializers",
					"-Wmissing-prototypes",
					"-Wreturn-type",
					"-Woverloaded-virtual",
					"-Wmissing-braces",
					"-Wunused-function",
					"-Wunused-label",
					"-Wunused-parameter",
					"-Wunused-variable",
					"-Wuninitialized",
					"-Wunknown-pragmas",
					"-Wfour-char-constants",
					"-Wshorten-64-to-32",
					"-Wnewline-eof",
					"-Wnon-virtual-dtor",
					"-Wno-over-aligned",
				);
			};
			name = Release;
		};
/* End XCBuildConfiguration section */

/* Begin XCConfigurationList section */
		5C05F786123171DA00D122BF /* Build configuration list for PBXProject "oclraster" */ = {
			isa = XCConfigurationList;
			buildConfigurations = (
				5C05F79A123171DA00D122BF /* Debug */,
				5C05F79B123171DA00D122BF /* Release */,
			);
			defaultConfigurationIsVisible = 0;
			defaultConfigurationName = Release;
		};
		5C05F79C123171DA00D122BF /* Build configuration list for PBXNativeTarget "oclraster" */ = {
			isa = XCConfigurationList;
			buildConfigurations = (
				5C05F79D123171DA00D122BF /* Debug */,
				5C05F79E123171DA00D122BF /* Release */,
			);
			defaultConfigurationIsVisible = 0;
			defaultConfigurationName = Release;
		};
		5CE9723916D682D600271278 /* Build configuration list for PBXNativeTarget "oclraster_ios" */ = {
			isa = XCConfigurationList;
			buildConfigurations = (
				5CE9723716D682D600271278 /* Debug */,
				5CE9723816D682D600271278 /* Release */,
			);
			defaultConfigurationIsVisible = 0;
			defaultConfigurationName = Release;
		};
/* End XCConfigurationList section */
	};
	rootObject = 5C05F783123171DA00D122BF /* Project object */;
}
