// !$*UTF8*$!
{
	archiveVersion = 1;
	classes = {
	};
	objectVersion = 46;
	objects = {

/* Begin PBXBuildFile section */
		5CCC96481641B653005C3DE4 /* Cocoa.framework in Frameworks */ = {isa = PBXBuildFile; fileRef = 5CCC96471641B653005C3DE4 /* Cocoa.framework */; };
		5CCC96711641B775005C3DE4 /* oclr_simple.cpp in Sources */ = {isa = PBXBuildFile; fileRef = 5CCC966F1641B775005C3DE4 /* oclr_simple.cpp */; };
		5CCC96781641BAF3005C3DE4 /* SDL2.framework in Frameworks */ = {isa = PBXBuildFile; fileRef = 5CCC96761641BAF3005C3DE4 /* SDL2.framework */; };
		5CCC96791641BAF3005C3DE4 /* SDL2_image.framework in Frameworks */ = {isa = PBXBuildFile; fileRef = 5CCC96771641BAF3005C3DE4 /* SDL2_image.framework */; };
/* End PBXBuildFile section */

/* Begin PBXFileReference section */
		5C2F6C8F164984A800FF5C61 /* transform.cl */ = {isa = PBXFileReference; lastKnownFileType = sourcecode.opencl; path = transform.cl; sourceTree = "<group>"; };
		5C38554E1670AE26003380CA /* clear_framebuffer.cl */ = {isa = PBXFileReference; lastKnownFileType = sourcecode.opencl; path = clear_framebuffer.cl; sourceTree = "<group>"; };
		5C6EB4A0169F784D003D7C2A /* template_rasterize.cl */ = {isa = PBXFileReference; lastKnownFileType = sourcecode.opencl; path = template_rasterize.cl; sourceTree = "<group>"; };
		5C91650E166685EA00626436 /* oclr_global.h */ = {isa = PBXFileReference; lastKnownFileType = sourcecode.c.h; path = oclr_global.h; sourceTree = "<group>"; };
		5C91650F166685EA00626436 /* oclr_math.h */ = {isa = PBXFileReference; lastKnownFileType = sourcecode.c.h; path = oclr_math.h; sourceTree = "<group>"; };
		5C916510166685EA00626436 /* oclr_matrix.h */ = {isa = PBXFileReference; lastKnownFileType = sourcecode.c.h; path = oclr_matrix.h; sourceTree = "<group>"; };
		5C9165111666946B00626436 /* bin_rasterize.cl */ = {isa = PBXFileReference; lastKnownFileType = sourcecode.opencl; path = bin_rasterize.cl; sourceTree = "<group>"; };
		5CCC96431641B653005C3DE4 /* oclr_simpled.app */ = {isa = PBXFileReference; explicitFileType = wrapper.application; includeInIndex = 0; path = oclr_simpled.app; sourceTree = BUILT_PRODUCTS_DIR; };
		5CCC96471641B653005C3DE4 /* Cocoa.framework */ = {isa = PBXFileReference; lastKnownFileType = wrapper.framework; name = Cocoa.framework; path = System/Library/Frameworks/Cocoa.framework; sourceTree = SDKROOT; };
		5CCC964A1641B653005C3DE4 /* AppKit.framework */ = {isa = PBXFileReference; lastKnownFileType = wrapper.framework; name = AppKit.framework; path = System/Library/Frameworks/AppKit.framework; sourceTree = SDKROOT; };
		5CCC964B1641B653005C3DE4 /* CoreData.framework */ = {isa = PBXFileReference; lastKnownFileType = wrapper.framework; name = CoreData.framework; path = System/Library/Frameworks/CoreData.framework; sourceTree = SDKROOT; };
		5CCC964C1641B653005C3DE4 /* Foundation.framework */ = {isa = PBXFileReference; lastKnownFileType = wrapper.framework; name = Foundation.framework; path = System/Library/Frameworks/Foundation.framework; sourceTree = SDKROOT; };
		5CCC96691641B739005C3DE4 /* oclr_simple-Info.plist */ = {isa = PBXFileReference; lastKnownFileType = text.plist.xml; name = "oclr_simple-Info.plist"; path = "osx/oclr_simple-Info.plist"; sourceTree = SOURCE_ROOT; };
		5CCC966B1641B739005C3DE4 /* en */ = {isa = PBXFileReference; lastKnownFileType = text.rtf; name = en; path = osx/en.lproj/Credits.rtf; sourceTree = SOURCE_ROOT; };
		5CCC966D1641B739005C3DE4 /* en */ = {isa = PBXFileReference; lastKnownFileType = text.plist.strings; name = en; path = osx/en.lproj/InfoPlist.strings; sourceTree = SOURCE_ROOT; };
		5CCC966E1641B739005C3DE4 /* oclr_simple-Prefix.pch */ = {isa = PBXFileReference; lastKnownFileType = sourcecode.c.h; name = "oclr_simple-Prefix.pch"; path = "osx/oclr_simple-Prefix.pch"; sourceTree = SOURCE_ROOT; };
		5CCC966F1641B775005C3DE4 /* oclr_simple.cpp */ = {isa = PBXFileReference; fileEncoding = 4; lastKnownFileType = sourcecode.cpp.cpp; name = oclr_simple.cpp; path = src/oclr_simple.cpp; sourceTree = SOURCE_ROOT; };
		5CCC96701641B775005C3DE4 /* oclr_simple.h */ = {isa = PBXFileReference; fileEncoding = 4; lastKnownFileType = sourcecode.c.h; name = oclr_simple.h; path = src/oclr_simple.h; sourceTree = SOURCE_ROOT; };
		5CCC96761641BAF3005C3DE4 /* SDL2.framework */ = {isa = PBXFileReference; lastKnownFileType = wrapper.framework; name = SDL2.framework; path = Library/Frameworks/SDL2.framework; sourceTree = SDKROOT; };
		5CCC96771641BAF3005C3DE4 /* SDL2_image.framework */ = {isa = PBXFileReference; lastKnownFileType = wrapper.framework; name = SDL2_image.framework; path = Library/Frameworks/SDL2_image.framework; sourceTree = SDKROOT; };
		5CCC967B1641BF72005C3DE4 /* cutil_math.h */ = {isa = PBXFileReference; lastKnownFileType = sourcecode.c.h; path = cutil_math.h; sourceTree = "<group>"; };
		5CCC967E1641BF72005C3DE4 /* oclr_cudacl.h */ = {isa = PBXFileReference; lastKnownFileType = sourcecode.c.h; path = oclr_cudacl.h; sourceTree = "<group>"; };
		5CD91DBC16627F3D00B99A38 /* rasterize.cl */ = {isa = PBXFileReference; lastKnownFileType = sourcecode.opencl; path = rasterize.cl; sourceTree = "<group>"; };
		5CEC5B631699719F00C464D5 /* template_transform.cl */ = {isa = PBXFileReference; lastKnownFileType = sourcecode.opencl; path = template_transform.cl; sourceTree = "<group>"; };
		5CEC5B6A169B343800C464D5 /* simple_transform_fs.cl */ = {isa = PBXFileReference; lastKnownFileType = sourcecode.opencl; path = simple_transform_fs.cl; sourceTree = "<group>"; };
		5CEC5B6B169B343800C464D5 /* simple_transform_vs.cl */ = {isa = PBXFileReference; lastKnownFileType = sourcecode.opencl; path = simple_transform_vs.cl; sourceTree = "<group>"; };
/* End PBXFileReference section */

/* Begin PBXFrameworksBuildPhase section */
		5CCC96401641B653005C3DE4 /* Frameworks */ = {
			isa = PBXFrameworksBuildPhase;
			buildActionMask = 2147483647;
			files = (
				5CCC96781641BAF3005C3DE4 /* SDL2.framework in Frameworks */,
				5CCC96791641BAF3005C3DE4 /* SDL2_image.framework in Frameworks */,
				5CCC96481641B653005C3DE4 /* Cocoa.framework in Frameworks */,
			);
			runOnlyForDeploymentPostprocessing = 0;
		};
/* End PBXFrameworksBuildPhase section */

/* Begin PBXGroup section */
		5CCC96381641B653005C3DE4 = {
			isa = PBXGroup;
			children = (
				5CCC967A1641BF72005C3DE4 /* kernels */,
				5CCC964D1641B653005C3DE4 /* oclr_simple */,
				5CCC964E1641B653005C3DE4 /* Supporting Files */,
				5CCC96461641B653005C3DE4 /* Frameworks */,
				5CCC96441641B653005C3DE4 /* Products */,
			);
			sourceTree = "<group>";
		};
		5CCC96441641B653005C3DE4 /* Products */ = {
			isa = PBXGroup;
			children = (
				5CCC96431641B653005C3DE4 /* oclr_simpled.app */,
			);
			name = Products;
			sourceTree = "<group>";
		};
		5CCC96461641B653005C3DE4 /* Frameworks */ = {
			isa = PBXGroup;
			children = (
				5CCC96761641BAF3005C3DE4 /* SDL2.framework */,
				5CCC96771641BAF3005C3DE4 /* SDL2_image.framework */,
				5CCC96471641B653005C3DE4 /* Cocoa.framework */,
				5CCC964A1641B653005C3DE4 /* AppKit.framework */,
				5CCC964B1641B653005C3DE4 /* CoreData.framework */,
				5CCC964C1641B653005C3DE4 /* Foundation.framework */,
			);
			name = Frameworks;
			sourceTree = "<group>";
		};
		5CCC964D1641B653005C3DE4 /* oclr_simple */ = {
			isa = PBXGroup;
			children = (
				5CCC966F1641B775005C3DE4 /* oclr_simple.cpp */,
				5CCC96701641B775005C3DE4 /* oclr_simple.h */,
			);
			path = oclr_simple;
			sourceTree = "<group>";
		};
		5CCC964E1641B653005C3DE4 /* Supporting Files */ = {
			isa = PBXGroup;
			children = (
				5CCC96691641B739005C3DE4 /* oclr_simple-Info.plist */,
				5CCC966A1641B739005C3DE4 /* Credits.rtf */,
				5CCC966C1641B739005C3DE4 /* InfoPlist.strings */,
				5CCC966E1641B739005C3DE4 /* oclr_simple-Prefix.pch */,
			);
			name = "Supporting Files";
			path = oclr_simple;
			sourceTree = "<group>";
		};
		5CCC967A1641BF72005C3DE4 /* kernels */ = {
			isa = PBXGroup;
			children = (
				5C91650E166685EA00626436 /* oclr_global.h */,
				5C91650F166685EA00626436 /* oclr_math.h */,
				5C916510166685EA00626436 /* oclr_matrix.h */,
				5CCC967B1641BF72005C3DE4 /* cutil_math.h */,
				5CCC967E1641BF72005C3DE4 /* oclr_cudacl.h */,
				5C2F6C8F164984A800FF5C61 /* transform.cl */,
				5C9165111666946B00626436 /* bin_rasterize.cl */,
				5CD91DBC16627F3D00B99A38 /* rasterize.cl */,
				5C38554E1670AE26003380CA /* clear_framebuffer.cl */,
				5CEC5B631699719F00C464D5 /* template_transform.cl */,
				5C6EB4A0169F784D003D7C2A /* template_rasterize.cl */,
				5CEC5B641699719F00C464D5 /* user */,
			);
			name = kernels;
			path = ../../data/kernels;
			sourceTree = "<group>";
		};
		5CEC5B641699719F00C464D5 /* user */ = {
			isa = PBXGroup;
			children = (
				5CEC5B6B169B343800C464D5 /* simple_transform_vs.cl */,
				5CEC5B6A169B343800C464D5 /* simple_transform_fs.cl */,
			);
			path = user;
			sourceTree = "<group>";
		};
/* End PBXGroup section */

/* Begin PBXNativeTarget section */
		5CCC96421641B653005C3DE4 /* oclr_simple */ = {
			isa = PBXNativeTarget;
			buildConfigurationList = 5CCC96611641B654005C3DE4 /* Build configuration list for PBXNativeTarget "oclr_simple" */;
			buildPhases = (
				5CCC963F1641B653005C3DE4 /* Sources */,
				5CCC96401641B653005C3DE4 /* Frameworks */,
				5CCC96411641B653005C3DE4 /* Resources */,
			);
			buildRules = (
			);
			dependencies = (
			);
			name = oclr_simple;
			productName = oclr_simple;
			productReference = 5CCC96431641B653005C3DE4 /* oclr_simpled.app */;
			productType = "com.apple.product-type.application";
		};
/* End PBXNativeTarget section */

/* Begin PBXProject section */
		5CCC963A1641B653005C3DE4 /* Project object */ = {
			isa = PBXProject;
			attributes = {
				LastUpgradeCheck = 0450;
				ORGANIZATIONNAME = albion2;
			};
			buildConfigurationList = 5CCC963D1641B653005C3DE4 /* Build configuration list for PBXProject "oclr_simple" */;
			compatibilityVersion = "Xcode 3.2";
			developmentRegion = English;
			hasScannedForEncodings = 0;
			knownRegions = (
				en,
			);
			mainGroup = 5CCC96381641B653005C3DE4;
			productRefGroup = 5CCC96441641B653005C3DE4 /* Products */;
			projectDirPath = "";
			projectRoot = "";
			targets = (
				5CCC96421641B653005C3DE4 /* oclr_simple */,
			);
		};
/* End PBXProject section */

/* Begin PBXResourcesBuildPhase section */
		5CCC96411641B653005C3DE4 /* Resources */ = {
			isa = PBXResourcesBuildPhase;
			buildActionMask = 2147483647;
			files = (
			);
			runOnlyForDeploymentPostprocessing = 0;
		};
/* End PBXResourcesBuildPhase section */

/* Begin PBXSourcesBuildPhase section */
		5CCC963F1641B653005C3DE4 /* Sources */ = {
			isa = PBXSourcesBuildPhase;
			buildActionMask = 2147483647;
			files = (
				5CCC96711641B775005C3DE4 /* oclr_simple.cpp in Sources */,
			);
			runOnlyForDeploymentPostprocessing = 0;
		};
/* End PBXSourcesBuildPhase section */

/* Begin PBXVariantGroup section */
		5CCC966A1641B739005C3DE4 /* Credits.rtf */ = {
			isa = PBXVariantGroup;
			children = (
				5CCC966B1641B739005C3DE4 /* en */,
			);
			name = Credits.rtf;
			sourceTree = "<group>";
		};
		5CCC966C1641B739005C3DE4 /* InfoPlist.strings */ = {
			isa = PBXVariantGroup;
			children = (
				5CCC966D1641B739005C3DE4 /* en */,
			);
			name = InfoPlist.strings;
			sourceTree = "<group>";
		};
/* End PBXVariantGroup section */

/* Begin XCBuildConfiguration section */
		5CCC965F1641B654005C3DE4 /* Debug */ = {
			isa = XCBuildConfiguration;
			buildSettings = {
				ALWAYS_SEARCH_USER_PATHS = NO;
				ARCHS = "$(ARCHS_STANDARD_64_BIT)";
				CLANG_CXX_LANGUAGE_STANDARD = "gnu++0x";
				CLANG_CXX_LIBRARY = "libc++";
				CLANG_WARN_EMPTY_BODY = YES;
				CLANG_WARN__DUPLICATE_METHOD_MATCH = YES;
				COPY_PHASE_STRIP = NO;
				GCC_C_LANGUAGE_STANDARD = gnu99;
				GCC_DYNAMIC_NO_PIC = NO;
				GCC_ENABLE_OBJC_EXCEPTIONS = YES;
				GCC_OPTIMIZATION_LEVEL = 0;
				GCC_PREPROCESSOR_DEFINITIONS = (
					"DEBUG=1",
					"$(inherited)",
				);
				GCC_SYMBOLS_PRIVATE_EXTERN = NO;
				GCC_WARN_64_TO_32_BIT_CONVERSION = YES;
				GCC_WARN_ABOUT_RETURN_TYPE = YES;
				GCC_WARN_UNINITIALIZED_AUTOS = YES;
				GCC_WARN_UNUSED_VARIABLE = YES;
				MACOSX_DEPLOYMENT_TARGET = 10.7;
				ONLY_ACTIVE_ARCH = YES;
				SDKROOT = macosx;
			};
			name = Debug;
		};
		5CCC96601641B654005C3DE4 /* Release */ = {
			isa = XCBuildConfiguration;
			buildSettings = {
				ALWAYS_SEARCH_USER_PATHS = NO;
				ARCHS = "$(ARCHS_STANDARD_64_BIT)";
				CLANG_CXX_LANGUAGE_STANDARD = "gnu++0x";
				CLANG_CXX_LIBRARY = "libc++";
				CLANG_WARN_EMPTY_BODY = YES;
				CLANG_WARN__DUPLICATE_METHOD_MATCH = YES;
				COPY_PHASE_STRIP = YES;
				DEBUG_INFORMATION_FORMAT = "dwarf-with-dsym";
				GCC_C_LANGUAGE_STANDARD = gnu99;
				GCC_ENABLE_OBJC_EXCEPTIONS = YES;
				GCC_WARN_64_TO_32_BIT_CONVERSION = YES;
				GCC_WARN_ABOUT_RETURN_TYPE = YES;
				GCC_WARN_UNINITIALIZED_AUTOS = YES;
				GCC_WARN_UNUSED_VARIABLE = YES;
				MACOSX_DEPLOYMENT_TARGET = 10.7;
				SDKROOT = macosx;
			};
			name = Release;
		};
		5CCC96621641B654005C3DE4 /* Debug */ = {
			isa = XCBuildConfiguration;
			buildSettings = {
				CODE_SIGN_IDENTITY = "";
				COMBINE_HIDPI_IMAGES = YES;
				CONFIGURATION_BUILD_DIR = ../../bin;
				GCC_PRECOMPILE_PREFIX_HEADER = YES;
				GCC_PREFIX_HEADER = "osx/oclr_simple-Prefix.pch";
				HEADER_SEARCH_PATHS = (
					/usr/X11/include,
					/usr/include/libxml2,
					/usr/X11/include/freetype2,
					/usr/local/include,
					/usr/local/include/oclraster,
				);
				INFOPLIST_FILE = "osx/oclr_simple-Info.plist";
				OTHER_LDFLAGS = "-loclrasterd";
				PRODUCT_NAME = "$(TARGET_NAME)d";
				WRAPPER_EXTENSION = app;
			};
			name = Debug;
		};
		5CCC96631641B654005C3DE4 /* Release */ = {
			isa = XCBuildConfiguration;
			buildSettings = {
				CODE_SIGN_IDENTITY = "";
				COMBINE_HIDPI_IMAGES = YES;
				CONFIGURATION_BUILD_DIR = ../../bin;
				GCC_PRECOMPILE_PREFIX_HEADER = YES;
				GCC_PREFIX_HEADER = "osx/oclr_simple-Prefix.pch";
				HEADER_SEARCH_PATHS = (
					/usr/X11/include,
					/usr/include/libxml2,
					/usr/X11/include/freetype2,
					/usr/local/include,
					/usr/local/include/oclraster,
				);
				INFOPLIST_FILE = "osx/oclr_simple-Info.plist";
				OTHER_LDFLAGS = "-loclraster";
				PRODUCT_NAME = "$(TARGET_NAME)";
				WRAPPER_EXTENSION = app;
			};
			name = Release;
		};
/* End XCBuildConfiguration section */

/* Begin XCConfigurationList section */
		5CCC963D1641B653005C3DE4 /* Build configuration list for PBXProject "oclr_simple" */ = {
			isa = XCConfigurationList;
			buildConfigurations = (
				5CCC965F1641B654005C3DE4 /* Debug */,
				5CCC96601641B654005C3DE4 /* Release */,
			);
			defaultConfigurationIsVisible = 0;
			defaultConfigurationName = Release;
		};
		5CCC96611641B654005C3DE4 /* Build configuration list for PBXNativeTarget "oclr_simple" */ = {
			isa = XCConfigurationList;
			buildConfigurations = (
				5CCC96621641B654005C3DE4 /* Debug */,
				5CCC96631641B654005C3DE4 /* Release */,
			);
			defaultConfigurationIsVisible = 0;
			defaultConfigurationName = Release;
		};
/* End XCConfigurationList section */
	};
	rootObject = 5CCC963A1641B653005C3DE4 /* Project object */;
}
